// !$*UTF8*$!
{
	archiveVersion = 1;
	classes = {
	};
	objectVersion = 46;
	objects = {

/* Begin PBXBuildFile section */
		5C8140B51CB35AE00049872E /* AppDelegate.swift in Sources */ = {isa = PBXBuildFile; fileRef = 5C8140B41CB35AE00049872E /* AppDelegate.swift */; };
		5C8140B71CB35AE00049872E /* ViewController.swift in Sources */ = {isa = PBXBuildFile; fileRef = 5C8140B61CB35AE00049872E /* ViewController.swift */; };
		5C8140BA1CB35AE00049872E /* Main.storyboard in Resources */ = {isa = PBXBuildFile; fileRef = 5C8140B81CB35AE00049872E /* Main.storyboard */; };
		5C8140BC1CB35AE00049872E /* Assets.xcassets in Resources */ = {isa = PBXBuildFile; fileRef = 5C8140BB1CB35AE00049872E /* Assets.xcassets */; };
		5C8140BF1CB35AE00049872E /* LaunchScreen.storyboard in Resources */ = {isa = PBXBuildFile; fileRef = 5C8140BD1CB35AE00049872E /* LaunchScreen.storyboard */; };
/* End PBXBuildFile section */

/* Begin PBXFileReference section */
		5C8140B11CB35AE00049872E /* How old is your cat?.app */ = {isa = PBXFileReference; explicitFileType = wrapper.application; includeInIndex = 0; path = "How old is your cat?.app"; sourceTree = BUILT_PRODUCTS_DIR; };
		5C8140B41CB35AE00049872E /* AppDelegate.swift */ = {isa = PBXFileReference; lastKnownFileType = sourcecode.swift; path = AppDelegate.swift; sourceTree = "<group>"; };
		5C8140B61CB35AE00049872E /* ViewController.swift */ = {isa = PBXFileReference; lastKnownFileType = sourcecode.swift; path = ViewController.swift; sourceTree = "<group>"; };
		5C8140B91CB35AE00049872E /* Base */ = {isa = PBXFileReference; lastKnownFileType = file.storyboard; name = Base; path = Base.lproj/Main.storyboard; sourceTree = "<group>"; };
		5C8140BB1CB35AE00049872E /* Assets.xcassets */ = {isa = PBXFileReference; lastKnownFileType = folder.assetcatalog; path = Assets.xcassets; sourceTree = "<group>"; };
		5C8140BE1CB35AE00049872E /* Base */ = {isa = PBXFileReference; lastKnownFileType = file.storyboard; name = Base; path = Base.lproj/LaunchScreen.storyboard; sourceTree = "<group>"; };
		5C8140C01CB35AE00049872E /* Info.plist */ = {isa = PBXFileReference; lastKnownFileType = text.plist.xml; path = Info.plist; sourceTree = "<group>"; };
/* End PBXFileReference section */

/* Begin PBXFrameworksBuildPhase section */
		5C8140AE1CB35AE00049872E /* Frameworks */ = {
			isa = PBXFrameworksBuildPhase;
			buildActionMask = 2147483647;
			files = (
			);
			runOnlyForDeploymentPostprocessing = 0;
		};
/* End PBXFrameworksBuildPhase section */

/* Begin PBXGroup section */
		5C8140A81CB35AE00049872E = {
			isa = PBXGroup;
			children = (
				5C8140B31CB35AE00049872E /* How old is your cat? */,
				5C8140B21CB35AE00049872E /* Products */,
			);
			sourceTree = "<group>";
		};
		5C8140B21CB35AE00049872E /* Products */ = {
			isa = PBXGroup;
			children = (
				5C8140B11CB35AE00049872E /* How old is your cat?.app */,
			);
			name = Products;
			sourceTree = "<group>";
		};
		5C8140B31CB35AE00049872E /* How old is your cat? */ = {
			isa = PBXGroup;
			children = (
				5C8140B41CB35AE00049872E /* AppDelegate.swift */,
				5C8140B61CB35AE00049872E /* ViewController.swift */,
				5C8140B81CB35AE00049872E /* Main.storyboard */,
				5C8140BB1CB35AE00049872E /* Assets.xcassets */,
				5C8140BD1CB35AE00049872E /* LaunchScreen.storyboard */,
				5C8140C01CB35AE00049872E /* Info.plist */,
			);
			path = "How old is your cat?";
			sourceTree = "<group>";
		};
/* End PBXGroup section */

/* Begin PBXNativeTarget section */
		5C8140B01CB35AE00049872E /* How old is your cat? */ = {
			isa = PBXNativeTarget;
			buildConfigurationList = 5C8140C31CB35AE00049872E /* Build configuration list for PBXNativeTarget "How old is your cat?" */;
			buildPhases = (
				5C8140AD1CB35AE00049872E /* Sources */,
				5C8140AE1CB35AE00049872E /* Frameworks */,
				5C8140AF1CB35AE00049872E /* Resources */,
			);
			buildRules = (
			);
			dependencies = (
			);
			name = "How old is your cat?";
			productName = "How old is your cat?";
			productReference = 5C8140B11CB35AE00049872E /* How old is your cat?.app */;
			productType = "com.apple.product-type.application";
		};
/* End PBXNativeTarget section */

/* Begin PBXProject section */
		5C8140A91CB35AE00049872E /* Project object */ = {
			isa = PBXProject;
			attributes = {
				LastSwiftUpdateCheck = 0730;
				LastUpgradeCheck = 0730;
				ORGANIZATIONNAME = inturn;
				TargetAttributes = {
					5C8140B01CB35AE00049872E = {
						CreatedOnToolsVersion = 7.3;
						DevelopmentTeam = SUCLHFQW4G;
					};
				};
			};
			buildConfigurationList = 5C8140AC1CB35AE00049872E /* Build configuration list for PBXProject "How old is your cat?" */;
			compatibilityVersion = "Xcode 3.2";
			developmentRegion = English;
			hasScannedForEncodings = 0;
			knownRegions = (
				en,
				Base,
			);
			mainGroup = 5C8140A81CB35AE00049872E;
			productRefGroup = 5C8140B21CB35AE00049872E /* Products */;
			projectDirPath = "";
			projectRoot = "";
			targets = (
				5C8140B01CB35AE00049872E /* How old is your cat? */,
			);
		};
/* End PBXProject section */

/* Begin PBXResourcesBuildPhase section */
		5C8140AF1CB35AE00049872E /* Resources */ = {
			isa = PBXResourcesBuildPhase;
			buildActionMask = 2147483647;
			files = (
				5C8140BF1CB35AE00049872E /* LaunchScreen.storyboard in Resources */,
				5C8140BC1CB35AE00049872E /* Assets.xcassets in Resources */,
				5C8140BA1CB35AE00049872E /* Main.storyboard in Resources */,
			);
			runOnlyForDeploymentPostprocessing = 0;
		};
/* End PBXResourcesBuildPhase section */

/* Begin PBXSourcesBuildPhase section */
		5C8140AD1CB35AE00049872E /* Sources */ = {
			isa = PBXSourcesBuildPhase;
			buildActionMask = 2147483647;
			files = (
				5C8140B71CB35AE00049872E /* ViewController.swift in Sources */,
				5C8140B51CB35AE00049872E /* AppDelegate.swift in Sources */,
			);
			runOnlyForDeploymentPostprocessing = 0;
		};
/* End PBXSourcesBuildPhase section */

/* Begin PBXVariantGroup section */
		5C8140B81CB35AE00049872E /* Main.storyboard */ = {
			isa = PBXVariantGroup;
			children = (
				5C8140B91CB35AE00049872E /* Base */,
			);
			name = Main.storyboard;
			sourceTree = "<group>";
		};
		5C8140BD1CB35AE00049872E /* LaunchScreen.storyboard */ = {
			isa = PBXVariantGroup;
			children = (
				5C8140BE1CB35AE00049872E /* Base */,
			);
			name = LaunchScreen.storyboard;
			sourceTree = "<group>";
		};
/* End PBXVariantGroup section */

/* Begin XCBuildConfiguration section */
		5C8140C11CB35AE00049872E /* Debug */ = {
			isa = XCBuildConfiguration;
			buildSettings = {
				ALWAYS_SEARCH_USER_PATHS = NO;
				CLANG_ANALYZER_NONNULL = YES;
				CLANG_CXX_LANGUAGE_STANDARD = "gnu++0x";
				CLANG_CXX_LIBRARY = "libc++";
				CLANG_ENABLE_MODULES = YES;
				CLANG_ENABLE_OBJC_ARC = YES;
				CLANG_WARN_BOOL_CONVERSION = YES;
				CLANG_WARN_CONSTANT_CONVERSION = YES;
				CLANG_WARN_DIRECT_OBJC_ISA_USAGE = YES_ERROR;
				CLANG_WARN_EMPTY_BODY = YES;
				CLANG_WARN_ENUM_CONVERSION = YES;
				CLANG_WARN_INT_CONVERSION = YES;
				CLANG_WARN_OBJC_ROOT_CLASS = YES_ERROR;
				CLANG_WARN_UNREACHABLE_CODE = YES;
				CLANG_WARN__DUPLICATE_METHOD_MATCH = YES;
				"CODE_SIGN_IDENTITY[sdk=iphoneos*]" = "iPhone Developer";
				COPY_PHASE_STRIP = NO;
				DEBUG_INFORMATION_FORMAT = dwarf;
				ENABLE_STRICT_OBJC_MSGSEND = YES;
				ENABLE_TESTABILITY = YES;
				GCC_C_LANGUAGE_STANDARD = gnu99;
				GCC_DYNAMIC_NO_PIC = NO;
				GCC_NO_COMMON_BLOCKS = YES;
				GCC_OPTIMIZATION_LEVEL = 0;
				GCC_PREPROCESSOR_DEFINITIONS = (
					"DEBUG=1",
					"$(inherited)",
				);
				GCC_WARN_64_TO_32_BIT_CONVERSION = YES;
				GCC_WARN_ABOUT_RETURN_TYPE = YES_ERROR;
				GCC_WARN_UNDECLARED_SELECTOR = YES;
				GCC_WARN_UNINITIALIZED_AUTOS = YES_AGGRESSIVE;
				GCC_WARN_UNUSED_FUNCTION = YES;
				GCC_WARN_UNUSED_VARIABLE = YES;
				IPHONEOS_DEPLOYMENT_TARGET = 9.3;
				MTL_ENABLE_DEBUG_INFO = YES;
				ONLY_ACTIVE_ARCH = YES;
				SDKROOT = iphoneos;
				SWIFT_OPTIMIZATION_LEVEL = "-Onone";
			};
			name = Debug;
		};
		5C8140C21CB35AE00049872E /* Release */ = {
			isa = XCBuildConfiguration;
			buildSettings = {
				ALWAYS_SEARCH_USER_PATHS = NO;
				CLANG_ANALYZER_NONNULL = YES;
				CLANG_CXX_LANGUAGE_STANDARD = "gnu++0x";
				CLANG_CXX_LIBRARY = "libc++";
				CLANG_ENABLE_MODULES = YES;
				CLANG_ENABLE_OBJC_ARC = YES;
				CLANG_WARN_BOOL_CONVERSION = YES;
				CLANG_WARN_CONSTANT_CONVERSION = YES;
				CLANG_WARN_DIRECT_OBJC_ISA_USAGE = YES_ERROR;
				CLANG_WARN_EMPTY_BODY = YES;
				CLANG_WARN_ENUM_CONVERSION = YES;
				CLANG_WARN_INT_CONVERSION = YES;
				CLANG_WARN_OBJC_ROOT_CLASS = YES_ERROR;
				CLANG_WARN_UNREACHABLE_CODE = YES;
				CLANG_WARN__DUPLICATE_METHOD_MATCH = YES;
				"CODE_SIGN_IDENTITY[sdk=iphoneos*]" = "iPhone Developer";
				COPY_PHASE_STRIP = NO;
				DEBUG_INFORMATION_FORMAT = "dwarf-with-dsym";
				ENABLE_NS_ASSERTIONS = NO;
				ENABLE_STRICT_OBJC_MSGSEND = YES;
				GCC_C_LANGUAGE_STANDARD = gnu99;
				GCC_NO_COMMON_BLOCKS = YES;
				GCC_WARN_64_TO_32_BIT_CONVERSION = YES;
				GCC_WARN_ABOUT_RETURN_TYPE = YES_ERROR;
				GCC_WARN_UNDECLARED_SELECTOR = YES;
				GCC_WARN_UNINITIALIZED_AUTOS = YES_AGGRESSIVE;
				GCC_WARN_UNUSED_FUNCTION = YES;
				GCC_WARN_UNUSED_VARIABLE = YES;
				IPHONEOS_DEPLOYMENT_TARGET = 9.3;
				MTL_ENABLE_DEBUG_INFO = NO;
				SDKROOT = iphoneos;
				VALIDATE_PRODUCT = YES;
			};
			name = Release;
		};
		5C8140C41CB35AE00049872E /* Debug */ = {
			isa = XCBuildConfiguration;
			buildSettings = {
				ASSETCATALOG_COMPILER_APPICON_NAME = AppIcon;
				INFOPLIST_FILE = "How old is your cat?/Info.plist";
				LD_RUNPATH_SEARCH_PATHS = "$(inherited) @executable_path/Frameworks";
				PRODUCT_BUNDLE_IDENTIFIER = "com.inturnapp.How-old-is-your-cat-";
				PRODUCT_NAME = "$(TARGET_NAME)";
			};
			name = Debug;
		};
		5C8140C51CB35AE00049872E /* Release */ = {
			isa = XCBuildConfiguration;
			buildSettings = {
				ASSETCATALOG_COMPILER_APPICON_NAME = AppIcon;
				INFOPLIST_FILE = "How old is your cat?/Info.plist";
				LD_RUNPATH_SEARCH_PATHS = "$(inherited) @executable_path/Frameworks";
				PRODUCT_BUNDLE_IDENTIFIER = "com.inturnapp.How-old-is-your-cat-";
				PRODUCT_NAME = "$(TARGET_NAME)";
			};
			name = Release;
		};
/* End XCBuildConfiguration section */

/* Begin XCConfigurationList section */
		5C8140AC1CB35AE00049872E /* Build configuration list for PBXProject "How old is your cat?" */ = {
			isa = XCConfigurationList;
			buildConfigurations = (
				5C8140C11CB35AE00049872E /* Debug */,
				5C8140C21CB35AE00049872E /* Release */,
			);
			defaultConfigurationIsVisible = 0;
			defaultConfigurationName = Release;
		};
		5C8140C31CB35AE00049872E /* Build configuration list for PBXNativeTarget "How old is your cat?" */ = {
			isa = XCConfigurationList;
			buildConfigurations = (
				5C8140C41CB35AE00049872E /* Debug */,
				5C8140C51CB35AE00049872E /* Release */,
			);
			defaultConfigurationIsVisible = 0;
		};
/* End XCConfigurationList section */
	};
	rootObject = 5C8140A91CB35AE00049872E /* Project object */;
}
